// !$*UTF8*$!
{
	archiveVersion = 1;
	classes = {
	};
	objectVersion = 56;
	objects = {

/* Begin PBXBuildFile section */
		8718FEA02A91498A0073EEE2 /* MenuViewController.swift in Sources */ = {isa = PBXBuildFile; fileRef = 8718FE9F2A9149890073EEE2 /* MenuViewController.swift */; };
		8718FEA22A914D300073EEE2 /* FormViewController.swift in Sources */ = {isa = PBXBuildFile; fileRef = 8718FEA12A914D300073EEE2 /* FormViewController.swift */; };
		8718FEA42A914D420073EEE2 /* DefaultViewController.swift in Sources */ = {isa = PBXBuildFile; fileRef = 8718FEA32A914D420073EEE2 /* DefaultViewController.swift */; };
		87EE575E2A8EE9CF0077FC36 /* AppDelegate.swift in Sources */ = {isa = PBXBuildFile; fileRef = 87EE575D2A8EE9CF0077FC36 /* AppDelegate.swift */; };
		87EE57602A8EE9CF0077FC36 /* SceneDelegate.swift in Sources */ = {isa = PBXBuildFile; fileRef = 87EE575F2A8EE9CF0077FC36 /* SceneDelegate.swift */; };
		87EE57652A8EE9CF0077FC36 /* Main.storyboard in Resources */ = {isa = PBXBuildFile; fileRef = 87EE57632A8EE9CF0077FC36 /* Main.storyboard */; };
		87EE57672A8EE9D00077FC36 /* Assets.xcassets in Resources */ = {isa = PBXBuildFile; fileRef = 87EE57662A8EE9D00077FC36 /* Assets.xcassets */; };
		87EE576A2A8EE9D00077FC36 /* LaunchScreen.storyboard in Resources */ = {isa = PBXBuildFile; fileRef = 87EE57682A8EE9D00077FC36 /* LaunchScreen.storyboard */; };
/* End PBXBuildFile section */

/* Begin PBXFileReference section */
		8718FE9F2A9149890073EEE2 /* MenuViewController.swift */ = {isa = PBXFileReference; lastKnownFileType = sourcecode.swift; path = MenuViewController.swift; sourceTree = "<group>"; };
		8718FEA12A914D300073EEE2 /* FormViewController.swift */ = {isa = PBXFileReference; lastKnownFileType = sourcecode.swift; path = FormViewController.swift; sourceTree = "<group>"; };
		8718FEA32A914D420073EEE2 /* DefaultViewController.swift */ = {isa = PBXFileReference; lastKnownFileType = sourcecode.swift; path = DefaultViewController.swift; sourceTree = "<group>"; };
		87EE575A2A8EE9CF0077FC36 /* navigation_et_cycles_de_vie_des_vues.app */ = {isa = PBXFileReference; explicitFileType = wrapper.application; includeInIndex = 0; path = navigation_et_cycles_de_vie_des_vues.app; sourceTree = BUILT_PRODUCTS_DIR; };
		87EE575D2A8EE9CF0077FC36 /* AppDelegate.swift */ = {isa = PBXFileReference; lastKnownFileType = sourcecode.swift; path = AppDelegate.swift; sourceTree = "<group>"; };
		87EE575F2A8EE9CF0077FC36 /* SceneDelegate.swift */ = {isa = PBXFileReference; lastKnownFileType = sourcecode.swift; path = SceneDelegate.swift; sourceTree = "<group>"; };
		87EE57642A8EE9CF0077FC36 /* Base */ = {isa = PBXFileReference; lastKnownFileType = file.storyboard; name = Base; path = Base.lproj/Main.storyboard; sourceTree = "<group>"; };
		87EE57662A8EE9D00077FC36 /* Assets.xcassets */ = {isa = PBXFileReference; lastKnownFileType = folder.assetcatalog; path = Assets.xcassets; sourceTree = "<group>"; };
		87EE57692A8EE9D00077FC36 /* Base */ = {isa = PBXFileReference; lastKnownFileType = file.storyboard; name = Base; path = Base.lproj/LaunchScreen.storyboard; sourceTree = "<group>"; };
		87EE576B2A8EE9D00077FC36 /* Info.plist */ = {isa = PBXFileReference; lastKnownFileType = text.plist.xml; path = Info.plist; sourceTree = "<group>"; };
/* End PBXFileReference section */

/* Begin PBXFrameworksBuildPhase section */
		87EE57572A8EE9CF0077FC36 /* Frameworks */ = {
			isa = PBXFrameworksBuildPhase;
			buildActionMask = 2147483647;
			files = (
			);
			runOnlyForDeploymentPostprocessing = 0;
		};
/* End PBXFrameworksBuildPhase section */

/* Begin PBXGroup section */
		8718FE9E2A9149350073EEE2 /* Controllers */ = {
			isa = PBXGroup;
			children = (
				8718FE9F2A9149890073EEE2 /* MenuViewController.swift */,
				8718FEA12A914D300073EEE2 /* FormViewController.swift */,
				8718FEA32A914D420073EEE2 /* DefaultViewController.swift */,
			);
			path = Controllers;
			sourceTree = "<group>";
		};
		87EE57512A8EE9CF0077FC36 = {
			isa = PBXGroup;
			children = (
				87EE575C2A8EE9CF0077FC36 /* navigation_et_cycles_de_vie_des_vues */,
				87EE575B2A8EE9CF0077FC36 /* Products */,
			);
			sourceTree = "<group>";
		};
		87EE575B2A8EE9CF0077FC36 /* Products */ = {
			isa = PBXGroup;
			children = (
				87EE575A2A8EE9CF0077FC36 /* navigation_et_cycles_de_vie_des_vues.app */,
			);
			name = Products;
			sourceTree = "<group>";
		};
		87EE575C2A8EE9CF0077FC36 /* navigation_et_cycles_de_vie_des_vues */ = {
			isa = PBXGroup;
			children = (
				8718FE9E2A9149350073EEE2 /* Controllers */,
				87EE575D2A8EE9CF0077FC36 /* AppDelegate.swift */,
				87EE575F2A8EE9CF0077FC36 /* SceneDelegate.swift */,
				87EE57632A8EE9CF0077FC36 /* Main.storyboard */,
				87EE57662A8EE9D00077FC36 /* Assets.xcassets */,
				87EE57682A8EE9D00077FC36 /* LaunchScreen.storyboard */,
				87EE576B2A8EE9D00077FC36 /* Info.plist */,
			);
			path = navigation_et_cycles_de_vie_des_vues;
			sourceTree = "<group>";
		};
/* End PBXGroup section */

/* Begin PBXNativeTarget section */
		87EE57592A8EE9CF0077FC36 /* navigation_et_cycles_de_vie_des_vues */ = {
			isa = PBXNativeTarget;
			buildConfigurationList = 87EE576E2A8EE9D00077FC36 /* Build configuration list for PBXNativeTarget "navigation_et_cycles_de_vie_des_vues" */;
			buildPhases = (
				87EE57562A8EE9CF0077FC36 /* Sources */,
				87EE57572A8EE9CF0077FC36 /* Frameworks */,
				87EE57582A8EE9CF0077FC36 /* Resources */,
			);
			buildRules = (
			);
			dependencies = (
			);
			name = navigation_et_cycles_de_vie_des_vues;
			productName = navigation_et_cycles_de_vie_des_vues;
			productReference = 87EE575A2A8EE9CF0077FC36 /* navigation_et_cycles_de_vie_des_vues.app */;
			productType = "com.apple.product-type.application";
		};
/* End PBXNativeTarget section */

/* Begin PBXProject section */
		87EE57522A8EE9CF0077FC36 /* Project object */ = {
			isa = PBXProject;
			attributes = {
				BuildIndependentTargetsInParallel = 1;
				LastSwiftUpdateCheck = 1430;
				LastUpgradeCheck = 1430;
				TargetAttributes = {
					87EE57592A8EE9CF0077FC36 = {
						CreatedOnToolsVersion = 14.3;
					};
				};
			};
			buildConfigurationList = 87EE57552A8EE9CF0077FC36 /* Build configuration list for PBXProject "navigation_et_cycles_de_vie_des_vues" */;
			compatibilityVersion = "Xcode 14.0";
			developmentRegion = en;
			hasScannedForEncodings = 0;
			knownRegions = (
				en,
				Base,
			);
			mainGroup = 87EE57512A8EE9CF0077FC36;
			productRefGroup = 87EE575B2A8EE9CF0077FC36 /* Products */;
			projectDirPath = "";
			projectRoot = "";
			targets = (
				87EE57592A8EE9CF0077FC36 /* navigation_et_cycles_de_vie_des_vues */,
			);
		};
/* End PBXProject section */

/* Begin PBXResourcesBuildPhase section */
		87EE57582A8EE9CF0077FC36 /* Resources */ = {
			isa = PBXResourcesBuildPhase;
			buildActionMask = 2147483647;
			files = (
				87EE576A2A8EE9D00077FC36 /* LaunchScreen.storyboard in Resources */,
				87EE57672A8EE9D00077FC36 /* Assets.xcassets in Resources */,
				87EE57652A8EE9CF0077FC36 /* Main.storyboard in Resources */,
			);
			runOnlyForDeploymentPostprocessing = 0;
		};
/* End PBXResourcesBuildPhase section */

/* Begin PBXSourcesBuildPhase section */
		87EE57562A8EE9CF0077FC36 /* Sources */ = {
			isa = PBXSourcesBuildPhase;
			buildActionMask = 2147483647;
			files = (
				8718FEA42A914D420073EEE2 /* DefaultViewController.swift in Sources */,
				87EE575E2A8EE9CF0077FC36 /* AppDelegate.swift in Sources */,
				87EE57602A8EE9CF0077FC36 /* SceneDelegate.swift in Sources */,
				8718FEA22A914D300073EEE2 /* FormViewController.swift in Sources */,
				8718FEA02A91498A0073EEE2 /* MenuViewController.swift in Sources */,
			);
			runOnlyForDeploymentPostprocessing = 0;
		};
/* End PBXSourcesBuildPhase section */

/* Begin PBXVariantGroup section */
		87EE57632A8EE9CF0077FC36 /* Main.storyboard */ = {
			isa = PBXVariantGroup;
			children = (
				87EE57642A8EE9CF0077FC36 /* Base */,
			);
			name = Main.storyboard;
			sourceTree = "<group>";
		};
		87EE57682A8EE9D00077FC36 /* LaunchScreen.storyboard */ = {
			isa = PBXVariantGroup;
			children = (
				87EE57692A8EE9D00077FC36 /* Base */,
			);
			name = LaunchScreen.storyboard;
			sourceTree = "<group>";
		};
/* End PBXVariantGroup section */

/* Begin XCBuildConfiguration section */
		87EE576C2A8EE9D00077FC36 /* Debug */ = {
			isa = XCBuildConfiguration;
			buildSettings = {
				ALWAYS_SEARCH_USER_PATHS = NO;
				CLANG_ANALYZER_NONNULL = YES;
				CLANG_ANALYZER_NUMBER_OBJECT_CONVERSION = YES_AGGRESSIVE;
				CLANG_CXX_LANGUAGE_STANDARD = "gnu++20";
				CLANG_ENABLE_MODULES = YES;
				CLANG_ENABLE_OBJC_ARC = YES;
				CLANG_ENABLE_OBJC_WEAK = YES;
				CLANG_WARN_BLOCK_CAPTURE_AUTORELEASING = YES;
				CLANG_WARN_BOOL_CONVERSION = YES;
				CLANG_WARN_COMMA = YES;
				CLANG_WARN_CONSTANT_CONVERSION = YES;
				CLANG_WARN_DEPRECATED_OBJC_IMPLEMENTATIONS = YES;
				CLANG_WARN_DIRECT_OBJC_ISA_USAGE = YES_ERROR;
				CLANG_WARN_DOCUMENTATION_COMMENTS = YES;
				CLANG_WARN_EMPTY_BODY = YES;
				CLANG_WARN_ENUM_CONVERSION = YES;
				CLANG_WARN_INFINITE_RECURSION = YES;
				CLANG_WARN_INT_CONVERSION = YES;
				CLANG_WARN_NON_LITERAL_NULL_CONVERSION = YES;
				CLANG_WARN_OBJC_IMPLICIT_RETAIN_SELF = YES;
				CLANG_WARN_OBJC_LITERAL_CONVERSION = YES;
				CLANG_WARN_OBJC_ROOT_CLASS = YES_ERROR;
				CLANG_WARN_QUOTED_INCLUDE_IN_FRAMEWORK_HEADER = YES;
				CLANG_WARN_RANGE_LOOP_ANALYSIS = YES;
				CLANG_WARN_STRICT_PROTOTYPES = YES;
				CLANG_WARN_SUSPICIOUS_MOVE = YES;
				CLANG_WARN_UNGUARDED_AVAILABILITY = YES_AGGRESSIVE;
				CLANG_WARN_UNREACHABLE_CODE = YES;
				CLANG_WARN__DUPLICATE_METHOD_MATCH = YES;
				COPY_PHASE_STRIP = NO;
				DEBUG_INFORMATION_FORMAT = dwarf;
				ENABLE_STRICT_OBJC_MSGSEND = YES;
				ENABLE_TESTABILITY = YES;
				GCC_C_LANGUAGE_STANDARD = gnu11;
				GCC_DYNAMIC_NO_PIC = NO;
				GCC_NO_COMMON_BLOCKS = YES;
				GCC_OPTIMIZATION_LEVEL = 0;
				GCC_PREPROCESSOR_DEFINITIONS = (
					"DEBUG=1",
					"$(inherited)",
				);
				GCC_WARN_64_TO_32_BIT_CONVERSION = YES;
				GCC_WARN_ABOUT_RETURN_TYPE = YES_ERROR;
				GCC_WARN_UNDECLARED_SELECTOR = YES;
				GCC_WARN_UNINITIALIZED_AUTOS = YES_AGGRESSIVE;
				GCC_WARN_UNUSED_FUNCTION = YES;
				GCC_WARN_UNUSED_VARIABLE = YES;
				IPHONEOS_DEPLOYMENT_TARGET = 16.4;
				MTL_ENABLE_DEBUG_INFO = INCLUDE_SOURCE;
				MTL_FAST_MATH = YES;
				ONLY_ACTIVE_ARCH = YES;
				SDKROOT = iphoneos;
				SWIFT_ACTIVE_COMPILATION_CONDITIONS = DEBUG;
				SWIFT_OPTIMIZATION_LEVEL = "-Onone";
			};
			name = Debug;
		};
		87EE576D2A8EE9D00077FC36 /* Release */ = {
			isa = XCBuildConfiguration;
			buildSettings = {
				ALWAYS_SEARCH_USER_PATHS = NO;
				CLANG_ANALYZER_NONNULL = YES;
				CLANG_ANALYZER_NUMBER_OBJECT_CONVERSION = YES_AGGRESSIVE;
				CLANG_CXX_LANGUAGE_STANDARD = "gnu++20";
				CLANG_ENABLE_MODULES = YES;
				CLANG_ENABLE_OBJC_ARC = YES;
				CLANG_ENABLE_OBJC_WEAK = YES;
				CLANG_WARN_BLOCK_CAPTURE_AUTORELEASING = YES;
				CLANG_WARN_BOOL_CONVERSION = YES;
				CLANG_WARN_COMMA = YES;
				CLANG_WARN_CONSTANT_CONVERSION = YES;
				CLANG_WARN_DEPRECATED_OBJC_IMPLEMENTATIONS = YES;
				CLANG_WARN_DIRECT_OBJC_ISA_USAGE = YES_ERROR;
				CLANG_WARN_DOCUMENTATION_COMMENTS = YES;
				CLANG_WARN_EMPTY_BODY = YES;
				CLANG_WARN_ENUM_CONVERSION = YES;
				CLANG_WARN_INFINITE_RECURSION = YES;
				CLANG_WARN_INT_CONVERSION = YES;
				CLANG_WARN_NON_LITERAL_NULL_CONVERSION = YES;
				CLANG_WARN_OBJC_IMPLICIT_RETAIN_SELF = YES;
				CLANG_WARN_OBJC_LITERAL_CONVERSION = YES;
				CLANG_WARN_OBJC_ROOT_CLASS = YES_ERROR;
				CLANG_WARN_QUOTED_INCLUDE_IN_FRAMEWORK_HEADER = YES;
				CLANG_WARN_RANGE_LOOP_ANALYSIS = YES;
				CLANG_WARN_STRICT_PROTOTYPES = YES;
				CLANG_WARN_SUSPICIOUS_MOVE = YES;
				CLANG_WARN_UNGUARDED_AVAILABILITY = YES_AGGRESSIVE;
				CLANG_WARN_UNREACHABLE_CODE = YES;
				CLANG_WARN__DUPLICATE_METHOD_MATCH = YES;
				COPY_PHASE_STRIP = NO;
				DEBUG_INFORMATION_FORMAT = "dwarf-with-dsym";
				ENABLE_NS_ASSERTIONS = NO;
				ENABLE_STRICT_OBJC_MSGSEND = YES;
				GCC_C_LANGUAGE_STANDARD = gnu11;
				GCC_NO_COMMON_BLOCKS = YES;
				GCC_WARN_64_TO_32_BIT_CONVERSION = YES;
				GCC_WARN_ABOUT_RETURN_TYPE = YES_ERROR;
				GCC_WARN_UNDECLARED_SELECTOR = YES;
				GCC_WARN_UNINITIALIZED_AUTOS = YES_AGGRESSIVE;
				GCC_WARN_UNUSED_FUNCTION = YES;
				GCC_WARN_UNUSED_VARIABLE = YES;
				IPHONEOS_DEPLOYMENT_TARGET = 16.4;
				MTL_ENABLE_DEBUG_INFO = NO;
				MTL_FAST_MATH = YES;
				SDKROOT = iphoneos;
				SWIFT_COMPILATION_MODE = wholemodule;
				SWIFT_OPTIMIZATION_LEVEL = "-O";
				VALIDATE_PRODUCT = YES;
			};
			name = Release;
		};
		87EE576F2A8EE9D00077FC36 /* Debug */ = {
			isa = XCBuildConfiguration;
			buildSettings = {
				ASSETCATALOG_COMPILER_APPICON_NAME = AppIcon;
				ASSETCATALOG_COMPILER_GLOBAL_ACCENT_COLOR_NAME = AccentColor;
				CODE_SIGN_STYLE = Automatic;
				CURRENT_PROJECT_VERSION = 1;
				GENERATE_INFOPLIST_FILE = YES;
				INFOPLIST_FILE = navigation_et_cycles_de_vie_des_vues/Info.plist;
				INFOPLIST_KEY_UIApplicationSupportsIndirectInputEvents = YES;
				INFOPLIST_KEY_UILaunchStoryboardName = LaunchScreen;
				INFOPLIST_KEY_UIMainStoryboardFile = Main;
				INFOPLIST_KEY_UISupportedInterfaceOrientations_iPad = "UIInterfaceOrientationPortrait UIInterfaceOrientationPortraitUpsideDown UIInterfaceOrientationLandscapeLeft UIInterfaceOrientationLandscapeRight";
				INFOPLIST_KEY_UISupportedInterfaceOrientations_iPhone = "UIInterfaceOrientationPortrait UIInterfaceOrientationLandscapeLeft UIInterfaceOrientationLandscapeRight";
				LD_RUNPATH_SEARCH_PATHS = (
					"$(inherited)",
					"@executable_path/Frameworks",
				);
				MARKETING_VERSION = 1.0;
				PRODUCT_BUNDLE_IDENTIFIER = "mathat.qc.ca.navigation-et-cycles-de-vie-des-vues";
				PRODUCT_NAME = "$(TARGET_NAME)";
				SWIFT_EMIT_LOC_STRINGS = YES;
				SWIFT_VERSION = 5.0;
				TARGETED_DEVICE_FAMILY = "1,2";
			};
			name = Debug;
		};
		87EE57702A8EE9D00077FC36 /* Release */ = {
			isa = XCBuildConfiguration;
			buildSettings = {
				ASSETCATALOG_COMPILER_APPICON_NAME = AppIcon;
				ASSETCATALOG_COMPILER_GLOBAL_ACCENT_COLOR_NAME = AccentColor;
				CODE_SIGN_STYLE = Automatic;
				CURRENT_PROJECT_VERSION = 1;
				GENERATE_INFOPLIST_FILE = YES;
				INFOPLIST_FILE = navigation_et_cycles_de_vie_des_vues/Info.plist;
				INFOPLIST_KEY_UIApplicationSupportsIndirectInputEvents = YES;
				INFOPLIST_KEY_UILaunchStoryboardName = LaunchScreen;
				INFOPLIST_KEY_UIMainStoryboardFile = Main;
				INFOPLIST_KEY_UISupportedInterfaceOrientations_iPad = "UIInterfaceOrientationPortrait UIInterfaceOrientationPortraitUpsideDown UIInterfaceOrientationLandscapeLeft UIInterfaceOrientationLandscapeRight";
				INFOPLIST_KEY_UISupportedInterfaceOrientations_iPhone = "UIInterfaceOrientationPortrait UIInterfaceOrientationLandscapeLeft UIInterfaceOrientationLandscapeRight";
				LD_RUNPATH_SEARCH_PATHS = (
					"$(inherited)",
					"@executable_path/Frameworks",
				);
				MARKETING_VERSION = 1.0;
				PRODUCT_BUNDLE_IDENTIFIER = "mathat.qc.ca.navigation-et-cycles-de-vie-des-vues";
				PRODUCT_NAME = "$(TARGET_NAME)";
				SWIFT_EMIT_LOC_STRINGS = YES;
				SWIFT_VERSION = 5.0;
				TARGETED_DEVICE_FAMILY = "1,2";
			};
			name = Release;
		};
/* End XCBuildConfiguration section */

/* Begin XCConfigurationList section */
		87EE57552A8EE9CF0077FC36 /* Build configuration list for PBXProject "navigation_et_cycles_de_vie_des_vues" */ = {
			isa = XCConfigurationList;
			buildConfigurations = (
				87EE576C2A8EE9D00077FC36 /* Debug */,
				87EE576D2A8EE9D00077FC36 /* Release */,
			);
			defaultConfigurationIsVisible = 0;
			defaultConfigurationName = Release;
		};
		87EE576E2A8EE9D00077FC36 /* Build configuration list for PBXNativeTarget "navigation_et_cycles_de_vie_des_vues" */ = {
			isa = XCConfigurationList;
			buildConfigurations = (
				87EE576F2A8EE9D00077FC36 /* Debug */,
				87EE57702A8EE9D00077FC36 /* Release */,
			);
			defaultConfigurationIsVisible = 0;
			defaultConfigurationName = Release;
		};
/* End XCConfigurationList section */
	};
	rootObject = 87EE57522A8EE9CF0077FC36 /* Project object */;
}
